
Microsoft Visual Studio Solution File, Format Version 11.00
# Visual Studio 2010
Project("{FAE04EC0-301F-11D3-BF4B-00C04F79EFBC}") = "GUI_test", "GUI_test\GUI_test.csproj", "{89EEEC24-7398-45CB-8FCA-9DB9A5863273}"
EndProject
Global
	GlobalSection(SolutionConfigurationPlatforms) = preSolution
		Debug|x86 = Debug|x86
		Release|x86 = Release|x86
	EndGlobalSection
	GlobalSection(ProjectConfigurationPlatforms) = postSolution
		{89EEEC24-7398-45CB-8FCA-9DB9A5863273}.Debug|x86.ActiveCfg = Debug|x86
		{89EEEC24-7398-45CB-8FCA-9DB9A5863273}.Debug|x86.Build.0 = Debug|x86
		{89EEEC24-7398-45CB-8FCA-9DB9A5863273}.Release|x86.ActiveCfg = Release|x86
		{89EEEC24-7398-45CB-8FCA-9DB9A5863273}.Release|x86.Build.0 = Release|x86
	EndGlobalSection
	GlobalSection(SolutionProperties) = preSolution
		HideSolutionNode = FALSE
	EndGlobalSection
EndGlobal
