
Microsoft Visual Studio Solution File, Format Version 12.00
# Visual Studio 2013
VisualStudioVersion = 12.0.21005.1
MinimumVisualStudioVersion = 10.0.40219.1
Project("{FAE04EC0-301F-11D3-BF4B-00C04F79EFBC}") = "acc_viewer", "acc_viewer\acc_viewer.csproj", "{DA8C97FB-0019-4080-A367-A2C4587BCEED}"
EndProject
Global
	GlobalSection(SolutionConfigurationPlatforms) = preSolution
		Debug|Any CPU = Debug|Any CPU
		Release|Any CPU = Release|Any CPU
	EndGlobalSection
	GlobalSection(ProjectConfigurationPlatforms) = postSolution
		{DA8C97FB-0019-4080-A367-A2C4587BCEED}.Debug|Any CPU.ActiveCfg = Debug|Any CPU
		{DA8C97FB-0019-4080-A367-A2C4587BCEED}.Debug|Any CPU.Build.0 = Debug|Any CPU
		{DA8C97FB-0019-4080-A367-A2C4587BCEED}.Release|Any CPU.ActiveCfg = Release|Any CPU
		{DA8C97FB-0019-4080-A367-A2C4587BCEED}.Release|Any CPU.Build.0 = Release|Any CPU
	EndGlobalSection
	GlobalSection(SolutionProperties) = preSolution
		HideSolutionNode = FALSE
	EndGlobalSection
EndGlobal
